
Microsoft Visual Studio Solution File, Format Version 12.00
# Visual Studio Version 17
VisualStudioVersion = 17.14.36623.8
MinimumVisualStudioVersion = 10.0.40219.1
Project("{FAE04EC0-301F-11D3-BF4B-00C04F79EFBC}") = "DemoApi", "src\DemoApi\DemoApi.csproj", "{465FBF63-8A14-91EB-EB09-062AF366526B}"
EndProject
Global
	GlobalSection(SolutionConfigurationPlatforms) = preSolution
		Debug|Any CPU = Debug|Any CPU
		Release|Any CPU = Release|Any CPU
	EndGlobalSection
	GlobalSection(ProjectConfigurationPlatforms) = postSolution
		{465FBF63-8A14-91EB-EB09-062AF366526B}.Debug|Any CPU.ActiveCfg = Debug|Any CPU
		{465FBF63-8A14-91EB-EB09-062AF366526B}.Debug|Any CPU.Build.0 = Debug|Any CPU
		{465FBF63-8A14-91EB-EB09-062AF366526B}.Release|Any CPU.ActiveCfg = Release|Any CPU
		{465FBF63-8A14-91EB-EB09-062AF366526B}.Release|Any CPU.Build.0 = Release|Any CPU
	EndGlobalSection
	GlobalSection(SolutionProperties) = preSolution
		HideSolutionNode = FALSE
	EndGlobalSection
	GlobalSection(ExtensibilityGlobals) = postSolution
		SolutionGuid = {57DA4935-A61F-4F2A-BC9E-87489FA1D0CB}
	EndGlobalSection
EndGlobal
